
Microsoft Visual Studio Solution File, Format Version 12.00
# Visual Studio Version 17
VisualStudioVersion = 17.13.35913.81 d17.13
MinimumVisualStudioVersion = 10.0.40219.1
Project("{FAE04EC0-301F-11D3-BF4B-00C04F79EFBC}") = "Checatec.Android", "Checatec\Checatec.Android\Checatec.Android.csproj", "{FB0C50BD-1145-410E-BF8C-0F2F35B1A28D}"
EndProject
Project("{FAE04EC0-301F-11D3-BF4B-00C04F79EFBC}") = "Checatec.iOS", "Checatec\Checatec.iOS\Checatec.iOS.csproj", "{6850C8BA-9E42-4950-901D-CDC4D87799E1}"
EndProject
Project("{FAE04EC0-301F-11D3-BF4B-00C04F79EFBC}") = "Checatec", "Checatec\Checatec\Checatec.csproj", "{B4D64A8D-41A3-4D82-889D-23AFC1A2B9AE}"
EndProject
Global
	GlobalSection(SolutionConfigurationPlatforms) = preSolution
		Debug|Any CPU = Debug|Any CPU
		Release|Any CPU = Release|Any CPU
	EndGlobalSection
	GlobalSection(ProjectConfigurationPlatforms) = postSolution
		{FB0C50BD-1145-410E-BF8C-0F2F35B1A28D}.Debug|Any CPU.ActiveCfg = Debug|Any CPU
		{FB0C50BD-1145-410E-BF8C-0F2F35B1A28D}.Debug|Any CPU.Build.0 = Debug|Any CPU
		{FB0C50BD-1145-410E-BF8C-0F2F35B1A28D}.Debug|Any CPU.Deploy.0 = Debug|Any CPU
		{FB0C50BD-1145-410E-BF8C-0F2F35B1A28D}.Release|Any CPU.ActiveCfg = Release|Any CPU
		{FB0C50BD-1145-410E-BF8C-0F2F35B1A28D}.Release|Any CPU.Build.0 = Release|Any CPU
		{FB0C50BD-1145-410E-BF8C-0F2F35B1A28D}.Release|Any CPU.Deploy.0 = Release|Any CPU
		{6850C8BA-9E42-4950-901D-CDC4D87799E1}.Debug|Any CPU.ActiveCfg = Debug|iPhone
		{6850C8BA-9E42-4950-901D-CDC4D87799E1}.Debug|Any CPU.Build.0 = Debug|iPhone
		{6850C8BA-9E42-4950-901D-CDC4D87799E1}.Debug|Any CPU.Deploy.0 = Debug|iPhone
		{6850C8BA-9E42-4950-901D-CDC4D87799E1}.Release|Any CPU.ActiveCfg = Release|iPhoneSimulator
		{6850C8BA-9E42-4950-901D-CDC4D87799E1}.Release|Any CPU.Build.0 = Release|iPhoneSimulator
		{6850C8BA-9E42-4950-901D-CDC4D87799E1}.Release|Any CPU.Deploy.0 = Release|iPhoneSimulator
		{B4D64A8D-41A3-4D82-889D-23AFC1A2B9AE}.Debug|Any CPU.ActiveCfg = Debug|Any CPU
		{B4D64A8D-41A3-4D82-889D-23AFC1A2B9AE}.Debug|Any CPU.Build.0 = Debug|Any CPU
		{B4D64A8D-41A3-4D82-889D-23AFC1A2B9AE}.Debug|Any CPU.Deploy.0 = Debug|Any CPU
		{B4D64A8D-41A3-4D82-889D-23AFC1A2B9AE}.Release|Any CPU.ActiveCfg = Release|Any CPU
		{B4D64A8D-41A3-4D82-889D-23AFC1A2B9AE}.Release|Any CPU.Build.0 = Release|Any CPU
		{B4D64A8D-41A3-4D82-889D-23AFC1A2B9AE}.Release|Any CPU.Deploy.0 = Release|Any CPU
	EndGlobalSection
	GlobalSection(SolutionProperties) = preSolution
		HideSolutionNode = FALSE
	EndGlobalSection
	GlobalSection(ExtensibilityGlobals) = postSolution
		SolutionGuid = {56079390-CB04-4634-8F64-C9D70A670720}
	EndGlobalSection
EndGlobal
